// !$*UTF8*$!
{
	archiveVersion = 1;
	classes = {
	};
	objectVersion = 52;
	objects = {

/* Begin PBXBuildFile section */
		4C14267626AEF433008A05DF /* Assets.swift in Sources */ = {isa = PBXBuildFile; fileRef = 4C14267526AEF433008A05DF /* Assets.swift */; };
		4C52191E2843DED0001E39CD /* OrganizationAPI.swift in Sources */ = {isa = PBXBuildFile; fileRef = 4C52191D2843DED0001E39CD /* OrganizationAPI.swift */; };
		4C5219202843DEE0001E39CD /* ApprenticeAPI.swift in Sources */ = {isa = PBXBuildFile; fileRef = 4C52191F2843DEE0001E39CD /* ApprenticeAPI.swift */; };
		4C7BF88224AA7E0800EB0327 /* PresignedURL.swift in Sources */ = {isa = PBXBuildFile; fileRef = 4C7BF87424AA7E0800EB0327 /* PresignedURL.swift */; };
		4C7BF88324AA7E0800EB0327 /* Session.swift in Sources */ = {isa = PBXBuildFile; fileRef = 4C7BF87524AA7E0800EB0327 /* Session.swift */; };
		4C7BF88424AA7E0800EB0327 /* Mission.swift in Sources */ = {isa = PBXBuildFile; fileRef = 4C7BF87624AA7E0800EB0327 /* Mission.swift */; };
		4C7BF88524AA7E0800EB0327 /* Auth.swift in Sources */ = {isa = PBXBuildFile; fileRef = 4C7BF87724AA7E0800EB0327 /* Auth.swift */; };
		4C7BF88624AA7E0800EB0327 /* Plumbing.swift in Sources */ = {isa = PBXBuildFile; fileRef = 4C7BF87824AA7E0800EB0327 /* Plumbing.swift */; };
		4C7BF88724AA7E0800EB0327 /* User.swift in Sources */ = {isa = PBXBuildFile; fileRef = 4C7BF87924AA7E0800EB0327 /* User.swift */; };
		4C7BF88824AA7E0800EB0327 /* Project.swift in Sources */ = {isa = PBXBuildFile; fileRef = 4C7BF87A24AA7E0800EB0327 /* Project.swift */; };
		4C7BF88924AA7E0800EB0327 /* AuthRequest.swift in Sources */ = {isa = PBXBuildFile; fileRef = 4C7BF87C24AA7E0800EB0327 /* AuthRequest.swift */; };
		4C7BF88A24AA7E0800EB0327 /* Request.swift in Sources */ = {isa = PBXBuildFile; fileRef = 4C7BF87D24AA7E0800EB0327 /* Request.swift */; };
		4C7BF88B24AA7E0800EB0327 /* SteamojiRequest.swift in Sources */ = {isa = PBXBuildFile; fileRef = 4C7BF87E24AA7E0800EB0327 /* SteamojiRequest.swift */; };
		4C7BF88C24AA7E0800EB0327 /* SessionAPI.swift in Sources */ = {isa = PBXBuildFile; fileRef = 4C7BF88024AA7E0800EB0327 /* SessionAPI.swift */; };
		4C7BF88D24AA7E0800EB0327 /* UploadAPI.swift in Sources */ = {isa = PBXBuildFile; fileRef = 4C7BF88124AA7E0800EB0327 /* UploadAPI.swift */; };
		4C9C28E224B4EE5F002731BC /* TokenUtils.swift in Sources */ = {isa = PBXBuildFile; fileRef = 4C9C28E124B4EE5F002731BC /* TokenUtils.swift */; };
		4CC1808E283FFBE300A5EE2D /* Macaroons in Frameworks */ = {isa = PBXBuildFile; productRef = 4CC1808D283FFBE300A5EE2D /* Macaroons */; };
/* End PBXBuildFile section */

/* Begin PBXCopyFilesBuildPhase section */
		4CF7A62724AA5A0F0014B507 /* CopyFiles */ = {
			isa = PBXCopyFilesBuildPhase;
			buildActionMask = 2147483647;
			dstPath = "include/$(PRODUCT_NAME)";
			dstSubfolderSpec = 16;
			files = (
			);
			runOnlyForDeploymentPostprocessing = 0;
		};
/* End PBXCopyFilesBuildPhase section */

/* Begin PBXFileReference section */
		4C14267526AEF433008A05DF /* Assets.swift */ = {isa = PBXFileReference; fileEncoding = 4; lastKnownFileType = sourcecode.swift; path = Assets.swift; sourceTree = "<group>"; };
		4C52191D2843DED0001E39CD /* OrganizationAPI.swift */ = {isa = PBXFileReference; fileEncoding = 4; lastKnownFileType = sourcecode.swift; path = OrganizationAPI.swift; sourceTree = "<group>"; };
		4C52191F2843DEE0001E39CD /* ApprenticeAPI.swift */ = {isa = PBXFileReference; fileEncoding = 4; lastKnownFileType = sourcecode.swift; path = ApprenticeAPI.swift; sourceTree = "<group>"; };
		4C7BF87424AA7E0800EB0327 /* PresignedURL.swift */ = {isa = PBXFileReference; fileEncoding = 4; lastKnownFileType = sourcecode.swift; path = PresignedURL.swift; sourceTree = "<group>"; };
		4C7BF87524AA7E0800EB0327 /* Session.swift */ = {isa = PBXFileReference; fileEncoding = 4; lastKnownFileType = sourcecode.swift; path = Session.swift; sourceTree = "<group>"; };
		4C7BF87624AA7E0800EB0327 /* Mission.swift */ = {isa = PBXFileReference; fileEncoding = 4; lastKnownFileType = sourcecode.swift; path = Mission.swift; sourceTree = "<group>"; };
		4C7BF87724AA7E0800EB0327 /* Auth.swift */ = {isa = PBXFileReference; fileEncoding = 4; lastKnownFileType = sourcecode.swift; path = Auth.swift; sourceTree = "<group>"; };
		4C7BF87824AA7E0800EB0327 /* Plumbing.swift */ = {isa = PBXFileReference; fileEncoding = 4; lastKnownFileType = sourcecode.swift; path = Plumbing.swift; sourceTree = "<group>"; };
		4C7BF87924AA7E0800EB0327 /* User.swift */ = {isa = PBXFileReference; fileEncoding = 4; lastKnownFileType = sourcecode.swift; path = User.swift; sourceTree = "<group>"; };
		4C7BF87A24AA7E0800EB0327 /* Project.swift */ = {isa = PBXFileReference; fileEncoding = 4; lastKnownFileType = sourcecode.swift; path = Project.swift; sourceTree = "<group>"; };
		4C7BF87C24AA7E0800EB0327 /* AuthRequest.swift */ = {isa = PBXFileReference; fileEncoding = 4; lastKnownFileType = sourcecode.swift; path = AuthRequest.swift; sourceTree = "<group>"; };
		4C7BF87D24AA7E0800EB0327 /* Request.swift */ = {isa = PBXFileReference; fileEncoding = 4; lastKnownFileType = sourcecode.swift; path = Request.swift; sourceTree = "<group>"; };
		4C7BF87E24AA7E0800EB0327 /* SteamojiRequest.swift */ = {isa = PBXFileReference; fileEncoding = 4; lastKnownFileType = sourcecode.swift; path = SteamojiRequest.swift; sourceTree = "<group>"; };
		4C7BF88024AA7E0800EB0327 /* SessionAPI.swift */ = {isa = PBXFileReference; fileEncoding = 4; lastKnownFileType = sourcecode.swift; path = SessionAPI.swift; sourceTree = "<group>"; };
		4C7BF88124AA7E0800EB0327 /* UploadAPI.swift */ = {isa = PBXFileReference; fileEncoding = 4; lastKnownFileType = sourcecode.swift; path = UploadAPI.swift; sourceTree = "<group>"; };
		4C9C28E124B4EE5F002731BC /* TokenUtils.swift */ = {isa = PBXFileReference; lastKnownFileType = sourcecode.swift; path = TokenUtils.swift; sourceTree = "<group>"; };
		4CF7A62924AA5A0F0014B507 /* libliboji.a */ = {isa = PBXFileReference; explicitFileType = archive.ar; includeInIndex = 0; path = libliboji.a; sourceTree = BUILT_PRODUCTS_DIR; };
/* End PBXFileReference section */

/* Begin PBXFrameworksBuildPhase section */
		4CF7A62624AA5A0F0014B507 /* Frameworks */ = {
			isa = PBXFrameworksBuildPhase;
			buildActionMask = 2147483647;
			files = (
				4CC1808E283FFBE300A5EE2D /* Macaroons in Frameworks */,
			);
			runOnlyForDeploymentPostprocessing = 0;
		};
/* End PBXFrameworksBuildPhase section */

/* Begin PBXGroup section */
		4C7BF87324AA7E0800EB0327 /* Models */ = {
			isa = PBXGroup;
			children = (
				4C7BF87424AA7E0800EB0327 /* PresignedURL.swift */,
				4C7BF87524AA7E0800EB0327 /* Session.swift */,
				4C7BF87624AA7E0800EB0327 /* Mission.swift */,
				4C7BF87724AA7E0800EB0327 /* Auth.swift */,
				4C7BF87824AA7E0800EB0327 /* Plumbing.swift */,
				4C7BF87924AA7E0800EB0327 /* User.swift */,
				4C7BF87A24AA7E0800EB0327 /* Project.swift */,
			);
			path = Models;
			sourceTree = "<group>";
		};
		4C7BF87B24AA7E0800EB0327 /* Networking */ = {
			isa = PBXGroup;
			children = (
				4C7BF87C24AA7E0800EB0327 /* AuthRequest.swift */,
				4C7BF87D24AA7E0800EB0327 /* Request.swift */,
				4C7BF87E24AA7E0800EB0327 /* SteamojiRequest.swift */,
			);
			path = Networking;
			sourceTree = "<group>";
		};
		4C7BF87F24AA7E0800EB0327 /* API */ = {
			isa = PBXGroup;
			children = (
				4C52191F2843DEE0001E39CD /* ApprenticeAPI.swift */,
				4C52191D2843DED0001E39CD /* OrganizationAPI.swift */,
				4C7BF88024AA7E0800EB0327 /* SessionAPI.swift */,
				4C7BF88124AA7E0800EB0327 /* UploadAPI.swift */,
			);
			path = API;
			sourceTree = "<group>";
		};
		4C9C28E024B4EE46002731BC /* Util */ = {
			isa = PBXGroup;
			children = (
				4C14267526AEF433008A05DF /* Assets.swift */,
				4C9C28E124B4EE5F002731BC /* TokenUtils.swift */,
			);
			path = Util;
			sourceTree = "<group>";
		};
		4CF7A62024AA5A0F0014B507 = {
			isa = PBXGroup;
			children = (
				4CF7A62B24AA5A0F0014B507 /* liboji */,
				4CF7A62A24AA5A0F0014B507 /* Products */,
			);
			sourceTree = "<group>";
		};
		4CF7A62A24AA5A0F0014B507 /* Products */ = {
			isa = PBXGroup;
			children = (
				4CF7A62924AA5A0F0014B507 /* libliboji.a */,
			);
			name = Products;
			sourceTree = "<group>";
		};
		4CF7A62B24AA5A0F0014B507 /* liboji */ = {
			isa = PBXGroup;
			children = (
				4C9C28E024B4EE46002731BC /* Util */,
				4C7BF87F24AA7E0800EB0327 /* API */,
				4C7BF87324AA7E0800EB0327 /* Models */,
				4C7BF87B24AA7E0800EB0327 /* Networking */,
			);
			path = liboji;
			sourceTree = "<group>";
		};
/* End PBXGroup section */

/* Begin PBXNativeTarget section */
		4CF7A62824AA5A0F0014B507 /* liboji */ = {
			isa = PBXNativeTarget;
			buildConfigurationList = 4CF7A63024AA5A0F0014B507 /* Build configuration list for PBXNativeTarget "liboji" */;
			buildPhases = (
				4CF7A62524AA5A0F0014B507 /* Sources */,
				4CF7A62624AA5A0F0014B507 /* Frameworks */,
				4CF7A62724AA5A0F0014B507 /* CopyFiles */,
			);
			buildRules = (
			);
			dependencies = (
			);
			name = liboji;
			packageProductDependencies = (
				4CC1808D283FFBE300A5EE2D /* Macaroons */,
			);
			productName = liboji;
			productReference = 4CF7A62924AA5A0F0014B507 /* libliboji.a */;
			productType = "com.apple.product-type.library.static";
		};
/* End PBXNativeTarget section */

/* Begin PBXProject section */
		4CF7A62124AA5A0F0014B507 /* Project object */ = {
			isa = PBXProject;
			attributes = {
				LastSwiftUpdateCheck = 1150;
				LastUpgradeCheck = 1150;
				ORGANIZATIONNAME = "William Casarin";
				TargetAttributes = {
					4CF7A62824AA5A0F0014B507 = {
						CreatedOnToolsVersion = 11.5;
					};
				};
			};
			buildConfigurationList = 4CF7A62424AA5A0F0014B507 /* Build configuration list for PBXProject "liboji" */;
			compatibilityVersion = "Xcode 9.3";
			developmentRegion = en;
			hasScannedForEncodings = 0;
			knownRegions = (
				en,
				Base,
			);
			mainGroup = 4CF7A62024AA5A0F0014B507;
			packageReferences = (
				4CC1808C283FFBE300A5EE2D /* XCRemoteSwiftPackageReference "macaroon-swift" */,
			);
			productRefGroup = 4CF7A62A24AA5A0F0014B507 /* Products */;
			projectDirPath = "";
			projectRoot = "";
			targets = (
				4CF7A62824AA5A0F0014B507 /* liboji */,
			);
		};
/* End PBXProject section */

/* Begin PBXSourcesBuildPhase section */
		4CF7A62524AA5A0F0014B507 /* Sources */ = {
			isa = PBXSourcesBuildPhase;
			buildActionMask = 2147483647;
			files = (
				4C7BF88424AA7E0800EB0327 /* Mission.swift in Sources */,
				4C7BF88324AA7E0800EB0327 /* Session.swift in Sources */,
				4C52191E2843DED0001E39CD /* OrganizationAPI.swift in Sources */,
				4C5219202843DEE0001E39CD /* ApprenticeAPI.swift in Sources */,
				4C7BF88724AA7E0800EB0327 /* User.swift in Sources */,
				4C7BF88B24AA7E0800EB0327 /* SteamojiRequest.swift in Sources */,
				4C7BF88224AA7E0800EB0327 /* PresignedURL.swift in Sources */,
				4C7BF88D24AA7E0800EB0327 /* UploadAPI.swift in Sources */,
				4C9C28E224B4EE5F002731BC /* TokenUtils.swift in Sources */,
				4C7BF88C24AA7E0800EB0327 /* SessionAPI.swift in Sources */,
				4C14267626AEF433008A05DF /* Assets.swift in Sources */,
				4C7BF88524AA7E0800EB0327 /* Auth.swift in Sources */,
				4C7BF88824AA7E0800EB0327 /* Project.swift in Sources */,
				4C7BF88624AA7E0800EB0327 /* Plumbing.swift in Sources */,
				4C7BF88A24AA7E0800EB0327 /* Request.swift in Sources */,
				4C7BF88924AA7E0800EB0327 /* AuthRequest.swift in Sources */,
			);
			runOnlyForDeploymentPostprocessing = 0;
		};
/* End PBXSourcesBuildPhase section */

/* Begin XCBuildConfiguration section */
		4CF7A62E24AA5A0F0014B507 /* Debug */ = {
			isa = XCBuildConfiguration;
			buildSettings = {
				ALWAYS_SEARCH_USER_PATHS = NO;
				CLANG_ANALYZER_NONNULL = YES;
				CLANG_ANALYZER_NUMBER_OBJECT_CONVERSION = YES_AGGRESSIVE;
				CLANG_CXX_LANGUAGE_STANDARD = "gnu++14";
				CLANG_CXX_LIBRARY = "libc++";
				CLANG_ENABLE_MODULES = YES;
				CLANG_ENABLE_OBJC_ARC = YES;
				CLANG_ENABLE_OBJC_WEAK = YES;
				CLANG_WARN_BLOCK_CAPTURE_AUTORELEASING = YES;
				CLANG_WARN_BOOL_CONVERSION = YES;
				CLANG_WARN_COMMA = YES;
				CLANG_WARN_CONSTANT_CONVERSION = YES;
				CLANG_WARN_DEPRECATED_OBJC_IMPLEMENTATIONS = YES;
				CLANG_WARN_DIRECT_OBJC_ISA_USAGE = YES_ERROR;
				CLANG_WARN_DOCUMENTATION_COMMENTS = YES;
				CLANG_WARN_EMPTY_BODY = YES;
				CLANG_WARN_ENUM_CONVERSION = YES;
				CLANG_WARN_INFINITE_RECURSION = YES;
				CLANG_WARN_INT_CONVERSION = YES;
				CLANG_WARN_NON_LITERAL_NULL_CONVERSION = YES;
				CLANG_WARN_OBJC_IMPLICIT_RETAIN_SELF = YES;
				CLANG_WARN_OBJC_LITERAL_CONVERSION = YES;
				CLANG_WARN_OBJC_ROOT_CLASS = YES_ERROR;
				CLANG_WARN_RANGE_LOOP_ANALYSIS = YES;
				CLANG_WARN_STRICT_PROTOTYPES = YES;
				CLANG_WARN_SUSPICIOUS_MOVE = YES;
				CLANG_WARN_UNGUARDED_AVAILABILITY = YES_AGGRESSIVE;
				CLANG_WARN_UNREACHABLE_CODE = YES;
				CLANG_WARN__DUPLICATE_METHOD_MATCH = YES;
				COPY_PHASE_STRIP = NO;
				DEBUG_INFORMATION_FORMAT = dwarf;
				ENABLE_STRICT_OBJC_MSGSEND = YES;
				ENABLE_TESTABILITY = YES;
				GCC_C_LANGUAGE_STANDARD = gnu11;
				GCC_DYNAMIC_NO_PIC = NO;
				GCC_NO_COMMON_BLOCKS = YES;
				GCC_OPTIMIZATION_LEVEL = 0;
				GCC_PREPROCESSOR_DEFINITIONS = (
					"DEBUG=1",
					"$(inherited)",
				);
				GCC_WARN_64_TO_32_BIT_CONVERSION = YES;
				GCC_WARN_ABOUT_RETURN_TYPE = YES_ERROR;
				GCC_WARN_UNDECLARED_SELECTOR = YES;
				GCC_WARN_UNINITIALIZED_AUTOS = YES_AGGRESSIVE;
				GCC_WARN_UNUSED_FUNCTION = YES;
				GCC_WARN_UNUSED_VARIABLE = YES;
				IPHONEOS_DEPLOYMENT_TARGET = 15.0;
				MTL_ENABLE_DEBUG_INFO = INCLUDE_SOURCE;
				MTL_FAST_MATH = YES;
				ONLY_ACTIVE_ARCH = YES;
				SDKROOT = iphoneos;
				SWIFT_ACTIVE_COMPILATION_CONDITIONS = DEBUG;
				SWIFT_OPTIMIZATION_LEVEL = "-Onone";
			};
			name = Debug;
		};
		4CF7A62F24AA5A0F0014B507 /* Release */ = {
			isa = XCBuildConfiguration;
			buildSettings = {
				ALWAYS_SEARCH_USER_PATHS = NO;
				CLANG_ANALYZER_NONNULL = YES;
				CLANG_ANALYZER_NUMBER_OBJECT_CONVERSION = YES_AGGRESSIVE;
				CLANG_CXX_LANGUAGE_STANDARD = "gnu++14";
				CLANG_CXX_LIBRARY = "libc++";
				CLANG_ENABLE_MODULES = YES;
				CLANG_ENABLE_OBJC_ARC = YES;
				CLANG_ENABLE_OBJC_WEAK = YES;
				CLANG_WARN_BLOCK_CAPTURE_AUTORELEASING = YES;
				CLANG_WARN_BOOL_CONVERSION = YES;
				CLANG_WARN_COMMA = YES;
				CLANG_WARN_CONSTANT_CONVERSION = YES;
				CLANG_WARN_DEPRECATED_OBJC_IMPLEMENTATIONS = YES;
				CLANG_WARN_DIRECT_OBJC_ISA_USAGE = YES_ERROR;
				CLANG_WARN_DOCUMENTATION_COMMENTS = YES;
				CLANG_WARN_EMPTY_BODY = YES;
				CLANG_WARN_ENUM_CONVERSION = YES;
				CLANG_WARN_INFINITE_RECURSION = YES;
				CLANG_WARN_INT_CONVERSION = YES;
				CLANG_WARN_NON_LITERAL_NULL_CONVERSION = YES;
				CLANG_WARN_OBJC_IMPLICIT_RETAIN_SELF = YES;
				CLANG_WARN_OBJC_LITERAL_CONVERSION = YES;
				CLANG_WARN_OBJC_ROOT_CLASS = YES_ERROR;
				CLANG_WARN_RANGE_LOOP_ANALYSIS = YES;
				CLANG_WARN_STRICT_PROTOTYPES = YES;
				CLANG_WARN_SUSPICIOUS_MOVE = YES;
				CLANG_WARN_UNGUARDED_AVAILABILITY = YES_AGGRESSIVE;
				CLANG_WARN_UNREACHABLE_CODE = YES;
				CLANG_WARN__DUPLICATE_METHOD_MATCH = YES;
				COPY_PHASE_STRIP = NO;
				DEBUG_INFORMATION_FORMAT = "dwarf-with-dsym";
				ENABLE_NS_ASSERTIONS = NO;
				ENABLE_STRICT_OBJC_MSGSEND = YES;
				GCC_C_LANGUAGE_STANDARD = gnu11;
				GCC_NO_COMMON_BLOCKS = YES;
				GCC_WARN_64_TO_32_BIT_CONVERSION = YES;
				GCC_WARN_ABOUT_RETURN_TYPE = YES_ERROR;
				GCC_WARN_UNDECLARED_SELECTOR = YES;
				GCC_WARN_UNINITIALIZED_AUTOS = YES_AGGRESSIVE;
				GCC_WARN_UNUSED_FUNCTION = YES;
				GCC_WARN_UNUSED_VARIABLE = YES;
				IPHONEOS_DEPLOYMENT_TARGET = 15.0;
				MTL_ENABLE_DEBUG_INFO = NO;
				MTL_FAST_MATH = YES;
				SDKROOT = iphoneos;
				SWIFT_COMPILATION_MODE = wholemodule;
				SWIFT_OPTIMIZATION_LEVEL = "-O";
				VALIDATE_PRODUCT = YES;
			};
			name = Release;
		};
		4CF7A63124AA5A0F0014B507 /* Debug */ = {
			isa = XCBuildConfiguration;
			buildSettings = {
				CODE_SIGN_STYLE = Automatic;
				OTHER_LDFLAGS = "-ObjC";
				PRODUCT_NAME = "$(TARGET_NAME)";
				SKIP_INSTALL = YES;
				SWIFT_VERSION = 5.0;
				TARGETED_DEVICE_FAMILY = "1,2";
			};
			name = Debug;
		};
		4CF7A63224AA5A0F0014B507 /* Release */ = {
			isa = XCBuildConfiguration;
			buildSettings = {
				CODE_SIGN_STYLE = Automatic;
				OTHER_LDFLAGS = "-ObjC";
				PRODUCT_NAME = "$(TARGET_NAME)";
				SKIP_INSTALL = YES;
				SWIFT_VERSION = 5.0;
				TARGETED_DEVICE_FAMILY = "1,2";
			};
			name = Release;
		};
/* End XCBuildConfiguration section */

/* Begin XCConfigurationList section */
		4CF7A62424AA5A0F0014B507 /* Build configuration list for PBXProject "liboji" */ = {
			isa = XCConfigurationList;
			buildConfigurations = (
				4CF7A62E24AA5A0F0014B507 /* Debug */,
				4CF7A62F24AA5A0F0014B507 /* Release */,
			);
			defaultConfigurationIsVisible = 0;
			defaultConfigurationName = Release;
		};
		4CF7A63024AA5A0F0014B507 /* Build configuration list for PBXNativeTarget "liboji" */ = {
			isa = XCConfigurationList;
			buildConfigurations = (
				4CF7A63124AA5A0F0014B507 /* Debug */,
				4CF7A63224AA5A0F0014B507 /* Release */,
			);
			defaultConfigurationIsVisible = 0;
			defaultConfigurationName = Release;
		};
/* End XCConfigurationList section */

/* Begin XCRemoteSwiftPackageReference section */
		4CC1808C283FFBE300A5EE2D /* XCRemoteSwiftPackageReference "macaroon-swift" */ = {
			isa = XCRemoteSwiftPackageReference;
			repositoryURL = "https://github.com/jb55/macaroon-swift";
			requirement = {
				kind = revision;
				revision = 3eae1923ef5bb41ccf02c216234ae64e73146e94;
			};
		};
/* End XCRemoteSwiftPackageReference section */

/* Begin XCSwiftPackageProductDependency section */
		4CC1808D283FFBE300A5EE2D /* Macaroons */ = {
			isa = XCSwiftPackageProductDependency;
			package = 4CC1808C283FFBE300A5EE2D /* XCRemoteSwiftPackageReference "macaroon-swift" */;
			productName = Macaroons;
		};
/* End XCSwiftPackageProductDependency section */
	};
	rootObject = 4CF7A62124AA5A0F0014B507 /* Project object */;
}
